{
  "nodes": {
    "flake-utils": {
      "locked": {
        "lastModified": 1667395993,
        "narHash": "sha256-nuEHfE/LcWyuSWnS8t12N1wc105Qtau+/OdUAjtQ0rA=",
        "owner": "numtide",
        "repo": "flake-utils",
        "rev": "5aed5285a952e0b949eb3ba02c12fa4fcfef535f",
        "type": "github"
      },
      "original": {
        "owner": "numtide",
        "repo": "flake-utils",
        "type": "github"
      }
    },
    "nixpkgs": {
      "locked": {
        "lastModified": 1669568537,
        "narHash": "sha256-OI+XMgKFgZjx6bjl+0hAvFO1Jn3RPQ+QZtib90hKGp0=",
        "owner": "nixos",
        "repo": "nixpkgs",
        "rev": "f56d74c14806d7cdfae292d9d48de81c68f4c6a2",
        "type": "github"
      },
      "original": {
        "owner": "nixos",
        "repo": "nixpkgs",
        "type": "github"
      }
    },
    "root": {
      "inputs": {
        "flake-utils": "flake-utils",
        "nixpkgs": "nixpkgs",
        "voidrice": "voidrice"
      }
    },
    "voidrice": {
      "flake": false,
      "locked": {
        "lastModified": 1668894398,
        "narHash": "sha256-racV4u/pE8Z8h4uAJy6UKaU+i36F8FCeq+JIVs8+9rE=",
        "owner": "LukeSmithxyz",
        "repo": "voidrice",
        "rev": "450745a467524a0bacdae2679deb370ac2a2e9d5",
        "type": "github"
      },
      "original": {
        "owner": "LukeSmithxyz",
        "repo": "voidrice",
        "type": "github"
      }
    }
  },
  "root": "root",
  "version": 7
}
